
Microsoft Visual Studio Solution File, Format Version 12.00
# Visual Studio Version 16
VisualStudioVersion = 16.0.29503.13
MinimumVisualStudioVersion = 10.0.40219.1
Project("{FAE04EC0-301F-11D3-BF4B-00C04F79EFBC}") = "MeanxhimiIKlasave", "E-Class\MeanxhimiIKlasave.csproj", "{35A1E562-7903-4369-A68E-E966EB7E7750}"
EndProject
Global
	GlobalSection(SolutionConfigurationPlatforms) = preSolution
		Debug|Any CPU = Debug|Any CPU
		Release|Any CPU = Release|Any CPU
	EndGlobalSection
	GlobalSection(ProjectConfigurationPlatforms) = postSolution
		{35A1E562-7903-4369-A68E-E966EB7E7750}.Debug|Any CPU.ActiveCfg = Debug|Any CPU
		{35A1E562-7903-4369-A68E-E966EB7E7750}.Debug|Any CPU.Build.0 = Debug|Any CPU
		{35A1E562-7903-4369-A68E-E966EB7E7750}.Release|Any CPU.ActiveCfg = Release|Any CPU
		{35A1E562-7903-4369-A68E-E966EB7E7750}.Release|Any CPU.Build.0 = Release|Any CPU
	EndGlobalSection
	GlobalSection(SolutionProperties) = preSolution
		HideSolutionNode = FALSE
	EndGlobalSection
	GlobalSection(ExtensibilityGlobals) = postSolution
		SolutionGuid = {DEA56F7B-D3A0-45B3-A653-9DB1F7342812}
	EndGlobalSection
EndGlobal
